
Microsoft Visual Studio Solution File, Format Version 12.00
# Visual Studio 15
VisualStudioVersion = 15.0.28307.757
MinimumVisualStudioVersion = 10.0.40219.1
Project("{FAE04EC0-301F-11D3-BF4B-00C04F79EFBC}") = "XadrezConsole", "XadrezConsole\XadrezConsole.csproj", "{11E784AE-2B49-41C0-A9D2-7D279F1CD217}"
EndProject
Global
	GlobalSection(SolutionConfigurationPlatforms) = preSolution
		Debug|Any CPU = Debug|Any CPU
		Release|Any CPU = Release|Any CPU
	EndGlobalSection
	GlobalSection(ProjectConfigurationPlatforms) = postSolution
		{11E784AE-2B49-41C0-A9D2-7D279F1CD217}.Debug|Any CPU.ActiveCfg = Debug|Any CPU
		{11E784AE-2B49-41C0-A9D2-7D279F1CD217}.Debug|Any CPU.Build.0 = Debug|Any CPU
		{11E784AE-2B49-41C0-A9D2-7D279F1CD217}.Release|Any CPU.ActiveCfg = Release|Any CPU
		{11E784AE-2B49-41C0-A9D2-7D279F1CD217}.Release|Any CPU.Build.0 = Release|Any CPU
	EndGlobalSection
	GlobalSection(SolutionProperties) = preSolution
		HideSolutionNode = FALSE
	EndGlobalSection
	GlobalSection(ExtensibilityGlobals) = postSolution
		SolutionGuid = {B2C1468E-910F-431A-9C1D-68EA67FEB8E8}
	EndGlobalSection
EndGlobal
